
Microsoft Visual Studio Solution File, Format Version 12.00
# Visual Studio Version 17
VisualStudioVersion = 17.6.33829.357
MinimumVisualStudioVersion = 10.0.40219.1
Project("{FAE04EC0-301F-11D3-BF4B-00C04F79EFBC}") = "ProjectGroup3", "ProjectGroup3\ProjectGroup3.csproj", "{6388FCB2-39BB-4760-B6F8-53DF88279CAE}"
EndProject
Global
	GlobalSection(SolutionConfigurationPlatforms) = preSolution
		Debug|Any CPU = Debug|Any CPU
		Release|Any CPU = Release|Any CPU
	EndGlobalSection
	GlobalSection(ProjectConfigurationPlatforms) = postSolution
		{6388FCB2-39BB-4760-B6F8-53DF88279CAE}.Debug|Any CPU.ActiveCfg = Debug|Any CPU
		{6388FCB2-39BB-4760-B6F8-53DF88279CAE}.Debug|Any CPU.Build.0 = Debug|Any CPU
		{6388FCB2-39BB-4760-B6F8-53DF88279CAE}.Release|Any CPU.ActiveCfg = Release|Any CPU
		{6388FCB2-39BB-4760-B6F8-53DF88279CAE}.Release|Any CPU.Build.0 = Release|Any CPU
	EndGlobalSection
	GlobalSection(SolutionProperties) = preSolution
		HideSolutionNode = FALSE
	EndGlobalSection
	GlobalSection(ExtensibilityGlobals) = postSolution
		SolutionGuid = {845F4A58-08C8-4D89-9F03-0CDAB5CC006F}
	EndGlobalSection
EndGlobal
